
Microsoft Visual Studio Solution File, Format Version 12.00
# Visual Studio Version 16
VisualStudioVersion = 16.0.29215.179
MinimumVisualStudioVersion = 10.0.40219.1
Project("{FAE04EC0-301F-11D3-BF4B-00C04F79EFBC}") = "GroupList", "GroupList\GroupList.csproj", "{D5A23945-1F2D-47D6-BCC3-5F5EE61426B5}"
EndProject
Global
	GlobalSection(SolutionConfigurationPlatforms) = preSolution
		Debug|Any CPU = Debug|Any CPU
		Release|Any CPU = Release|Any CPU
	EndGlobalSection
	GlobalSection(ProjectConfigurationPlatforms) = postSolution
		{D5A23945-1F2D-47D6-BCC3-5F5EE61426B5}.Debug|Any CPU.ActiveCfg = Debug|Any CPU
		{D5A23945-1F2D-47D6-BCC3-5F5EE61426B5}.Debug|Any CPU.Build.0 = Debug|Any CPU
		{D5A23945-1F2D-47D6-BCC3-5F5EE61426B5}.Release|Any CPU.ActiveCfg = Release|Any CPU
		{D5A23945-1F2D-47D6-BCC3-5F5EE61426B5}.Release|Any CPU.Build.0 = Release|Any CPU
	EndGlobalSection
	GlobalSection(SolutionProperties) = preSolution
		HideSolutionNode = FALSE
	EndGlobalSection
	GlobalSection(ExtensibilityGlobals) = postSolution
		SolutionGuid = {ED974606-19E8-4480-ABE7-0D47A2B17C48}
	EndGlobalSection
EndGlobal
